
Microsoft Visual Studio Solution File, Format Version 12.00
# Visual Studio 15
VisualStudioVersion = 15.0.27130.2010
MinimumVisualStudioVersion = 10.0.40219.1
Project("{FAE04EC0-301F-11D3-BF4B-00C04F79EFBC}") = "ngrx_store", "ngrx_store\ngrx_store.csproj", "{1638E350-F177-4EFD-9F88-C10D03205D76}"
EndProject
Global
	GlobalSection(SolutionConfigurationPlatforms) = preSolution
		Debug|Any CPU = Debug|Any CPU
		Release|Any CPU = Release|Any CPU
	EndGlobalSection
	GlobalSection(ProjectConfigurationPlatforms) = postSolution
		{1638E350-F177-4EFD-9F88-C10D03205D76}.Debug|Any CPU.ActiveCfg = Debug|Any CPU
		{1638E350-F177-4EFD-9F88-C10D03205D76}.Debug|Any CPU.Build.0 = Debug|Any CPU
		{1638E350-F177-4EFD-9F88-C10D03205D76}.Release|Any CPU.ActiveCfg = Release|Any CPU
		{1638E350-F177-4EFD-9F88-C10D03205D76}.Release|Any CPU.Build.0 = Release|Any CPU
	EndGlobalSection
	GlobalSection(SolutionProperties) = preSolution
		HideSolutionNode = FALSE
	EndGlobalSection
	GlobalSection(ExtensibilityGlobals) = postSolution
		SolutionGuid = {4901A933-D834-4011-B32A-807F35431832}
	EndGlobalSection
EndGlobal
